// !$*UTF8*$!
{
	archiveVersion = 1;
	classes = {
	};
	objectVersion = 56;
	objects = {

/* Begin PBXBuildFile section */
		AE01FCEC29D13830004C563F /* String+estimatedFrame.swift in Sources */ = {isa = PBXBuildFile; fileRef = AE01FCEB29D13830004C563F /* String+estimatedFrame.swift */; };
		AE091B5B29BEDB9A006E15BD /* MainViewController.swift in Sources */ = {isa = PBXBuildFile; fileRef = AE091B5929BEDB9A006E15BD /* MainViewController.swift */; };
		AE091B6029BEDBFD006E15BD /* BaseView.swift in Sources */ = {isa = PBXBuildFile; fileRef = AE091B5F29BEDBFD006E15BD /* BaseView.swift */; };
		AE091B6229BEDC23006E15BD /* BaseTableViewCell.swift in Sources */ = {isa = PBXBuildFile; fileRef = AE091B6129BEDC23006E15BD /* BaseTableViewCell.swift */; };
		AE091B6429BEDC41006E15BD /* BaseCollectionViewCell.swift in Sources */ = {isa = PBXBuildFile; fileRef = AE091B6329BEDC41006E15BD /* BaseCollectionViewCell.swift */; };
		AE091B6629BEDC65006E15BD /* BaseViewController.swift in Sources */ = {isa = PBXBuildFile; fileRef = AE091B6529BEDC65006E15BD /* BaseViewController.swift */; };
		AE6159AF29BEEF24002F15B7 /* Message.swift in Sources */ = {isa = PBXBuildFile; fileRef = AE6159AE29BEEF24002F15B7 /* Message.swift */; };
		AE6A072D2A0E698D00B74552 /* IdolModel+CoreDataClass.swift in Sources */ = {isa = PBXBuildFile; fileRef = AE6A072C2A0E698D00B74552 /* IdolModel+CoreDataClass.swift */; };
		AE6A072F2A0E69A200B74552 /* IdolModel+CoreDataProperties.swift in Sources */ = {isa = PBXBuildFile; fileRef = AE6A072E2A0E69A200B74552 /* IdolModel+CoreDataProperties.swift */; };
		AE6A07312A0E7DC700B74552 /* DailyMessageModel+CoreDataClass.swift in Sources */ = {isa = PBXBuildFile; fileRef = AE6A07302A0E7DC700B74552 /* DailyMessageModel+CoreDataClass.swift */; };
		AE6A07332A0E7DEA00B74552 /* DailyMessageModel+CoreDataProperties.swift in Sources */ = {isa = PBXBuildFile; fileRef = AE6A07322A0E7DEA00B74552 /* DailyMessageModel+CoreDataProperties.swift */; };
		AE7DA29C29B185E400EA137A /* AppDelegate.swift in Sources */ = {isa = PBXBuildFile; fileRef = AE7DA29B29B185E400EA137A /* AppDelegate.swift */; };
		AE7DA29E29B185E400EA137A /* SceneDelegate.swift in Sources */ = {isa = PBXBuildFile; fileRef = AE7DA29D29B185E400EA137A /* SceneDelegate.swift */; };
		AE7DA2A529B185E500EA137A /* Assets.xcassets in Resources */ = {isa = PBXBuildFile; fileRef = AE7DA2A429B185E500EA137A /* Assets.xcassets */; };
		AE7DA2A829B185E500EA137A /* LaunchScreen.storyboard in Resources */ = {isa = PBXBuildFile; fileRef = AE7DA2A629B185E500EA137A /* LaunchScreen.storyboard */; };
		AEB2DA8B29DB046B00B5A690 /* Model.xcdatamodeld in Sources */ = {isa = PBXBuildFile; fileRef = AEB2DA8929DB046B00B5A690 /* Model.xcdatamodeld */; };
		AEB2DA8E29DB049F00B5A690 /* MessageModel+CoreDataClass.swift in Sources */ = {isa = PBXBuildFile; fileRef = AEB2DA8C29DB049F00B5A690 /* MessageModel+CoreDataClass.swift */; };
		AEB2DA8F29DB049F00B5A690 /* MessageModel+CoreDataProperties.swift in Sources */ = {isa = PBXBuildFile; fileRef = AEB2DA8D29DB049F00B5A690 /* MessageModel+CoreDataProperties.swift */; };
		AEB2DA9929DD7BD900B5A690 /* ChatListViewController.swift in Sources */ = {isa = PBXBuildFile; fileRef = AEB2DA9729DD7BD900B5A690 /* ChatListViewController.swift */; };
		AEB2DA9A29DD7BD900B5A690 /* ChatListViewController.xib in Resources */ = {isa = PBXBuildFile; fileRef = AEB2DA9829DD7BD900B5A690 /* ChatListViewController.xib */; };
		AEB2DA9D29DD7BF700B5A690 /* ChatListTableViewCell.swift in Sources */ = {isa = PBXBuildFile; fileRef = AEB2DA9B29DD7BF700B5A690 /* ChatListTableViewCell.swift */; };
		AEB2DA9E29DD7BF700B5A690 /* ChatListTableViewCell.xib in Resources */ = {isa = PBXBuildFile; fileRef = AEB2DA9C29DD7BF700B5A690 /* ChatListTableViewCell.xib */; };
		AECC8B2929CD5E21006C58BB /* String+nib.swift in Sources */ = {isa = PBXBuildFile; fileRef = AECC8B2829CD5E21006C58BB /* String+nib.swift */; };
		AED9096629D6A68700C2BE35 /* MainViewController.xib in Resources */ = {isa = PBXBuildFile; fileRef = AED9096529D6A68700C2BE35 /* MainViewController.xib */; };
		AED9096929D6B05000C2BE35 /* MessageViewModel.swift in Sources */ = {isa = PBXBuildFile; fileRef = AED9096829D6B05000C2BE35 /* MessageViewModel.swift */; };
		AED9096C29D6B55D00C2BE35 /* View+identifier.swift in Sources */ = {isa = PBXBuildFile; fileRef = AED9096B29D6B55D00C2BE35 /* View+identifier.swift */; };
		AED9097029D6B99A00C2BE35 /* Date+string.swift in Sources */ = {isa = PBXBuildFile; fileRef = AED9096F29D6B99A00C2BE35 /* Date+string.swift */; };
		AED9097329D6BC7100C2BE35 /* IdolChatCollectionViewCell.swift in Sources */ = {isa = PBXBuildFile; fileRef = AED9097129D6BC7100C2BE35 /* IdolChatCollectionViewCell.swift */; };
		AED9097429D6BC7100C2BE35 /* IdolChatCollectionViewCell.xib in Resources */ = {isa = PBXBuildFile; fileRef = AED9097229D6BC7100C2BE35 /* IdolChatCollectionViewCell.xib */; };
		AEE9495E29D6C9B000DC37D8 /* DateView.swift in Sources */ = {isa = PBXBuildFile; fileRef = AEE9495D29D6C9B000DC37D8 /* DateView.swift */; };
		AEE9496029D6C9CF00DC37D8 /* DateView.xib in Resources */ = {isa = PBXBuildFile; fileRef = AEE9495F29D6C9CF00DC37D8 /* DateView.xib */; };
		AEF367E429BEF56000045339 /* String+date.swift in Sources */ = {isa = PBXBuildFile; fileRef = AEF367E329BEF56000045339 /* String+date.swift */; };
		AEF367F329BF68A500045339 /* ChatViewController.swift in Sources */ = {isa = PBXBuildFile; fileRef = AEF367EF29BF68A500045339 /* ChatViewController.swift */; };
		AEF367F429BF68A500045339 /* MeChatCollectionViewCell.xib in Resources */ = {isa = PBXBuildFile; fileRef = AEF367F029BF68A500045339 /* MeChatCollectionViewCell.xib */; };
		AEF367F529BF68A500045339 /* ChatViewController.xib in Resources */ = {isa = PBXBuildFile; fileRef = AEF367F129BF68A500045339 /* ChatViewController.xib */; };
		AEF367F629BF68A500045339 /* MeChatCollectionViewCell.swift in Sources */ = {isa = PBXBuildFile; fileRef = AEF367F229BF68A500045339 /* MeChatCollectionViewCell.swift */; };
/* End PBXBuildFile section */

/* Begin PBXFileReference section */
		AE01FCEB29D13830004C563F /* String+estimatedFrame.swift */ = {isa = PBXFileReference; lastKnownFileType = sourcecode.swift; path = "String+estimatedFrame.swift"; sourceTree = "<group>"; };
		AE091B5929BEDB9A006E15BD /* MainViewController.swift */ = {isa = PBXFileReference; lastKnownFileType = sourcecode.swift; path = MainViewController.swift; sourceTree = "<group>"; };
		AE091B5F29BEDBFD006E15BD /* BaseView.swift */ = {isa = PBXFileReference; lastKnownFileType = sourcecode.swift; path = BaseView.swift; sourceTree = "<group>"; };
		AE091B6129BEDC23006E15BD /* BaseTableViewCell.swift */ = {isa = PBXFileReference; lastKnownFileType = sourcecode.swift; path = BaseTableViewCell.swift; sourceTree = "<group>"; };
		AE091B6329BEDC41006E15BD /* BaseCollectionViewCell.swift */ = {isa = PBXFileReference; lastKnownFileType = sourcecode.swift; path = BaseCollectionViewCell.swift; sourceTree = "<group>"; };
		AE091B6529BEDC65006E15BD /* BaseViewController.swift */ = {isa = PBXFileReference; lastKnownFileType = sourcecode.swift; path = BaseViewController.swift; sourceTree = "<group>"; };
		AE091B6B29BEE232006E15BD /* Info.plist */ = {isa = PBXFileReference; fileEncoding = 4; lastKnownFileType = text.plist.xml; path = Info.plist; sourceTree = "<group>"; };
		AE6159AE29BEEF24002F15B7 /* Message.swift */ = {isa = PBXFileReference; lastKnownFileType = sourcecode.swift; path = Message.swift; sourceTree = "<group>"; };
		AE6A072C2A0E698D00B74552 /* IdolModel+CoreDataClass.swift */ = {isa = PBXFileReference; lastKnownFileType = sourcecode.swift; path = "IdolModel+CoreDataClass.swift"; sourceTree = "<group>"; };
		AE6A072E2A0E69A200B74552 /* IdolModel+CoreDataProperties.swift */ = {isa = PBXFileReference; lastKnownFileType = sourcecode.swift; path = "IdolModel+CoreDataProperties.swift"; sourceTree = "<group>"; };
		AE6A07302A0E7DC700B74552 /* DailyMessageModel+CoreDataClass.swift */ = {isa = PBXFileReference; lastKnownFileType = sourcecode.swift; path = "DailyMessageModel+CoreDataClass.swift"; sourceTree = "<group>"; };
		AE6A07322A0E7DEA00B74552 /* DailyMessageModel+CoreDataProperties.swift */ = {isa = PBXFileReference; lastKnownFileType = sourcecode.swift; path = "DailyMessageModel+CoreDataProperties.swift"; sourceTree = "<group>"; };
		AE7DA29829B185E400EA137A /* Viewer.app */ = {isa = PBXFileReference; explicitFileType = wrapper.application; includeInIndex = 0; path = Viewer.app; sourceTree = BUILT_PRODUCTS_DIR; };
		AE7DA29B29B185E400EA137A /* AppDelegate.swift */ = {isa = PBXFileReference; lastKnownFileType = sourcecode.swift; path = AppDelegate.swift; sourceTree = "<group>"; };
		AE7DA29D29B185E400EA137A /* SceneDelegate.swift */ = {isa = PBXFileReference; lastKnownFileType = sourcecode.swift; path = SceneDelegate.swift; sourceTree = "<group>"; };
		AE7DA2A429B185E500EA137A /* Assets.xcassets */ = {isa = PBXFileReference; lastKnownFileType = folder.assetcatalog; path = Assets.xcassets; sourceTree = "<group>"; };
		AE7DA2A729B185E500EA137A /* Base */ = {isa = PBXFileReference; lastKnownFileType = file.storyboard; name = Base; path = Base.lproj/LaunchScreen.storyboard; sourceTree = "<group>"; };
		AEB2DA8A29DB046B00B5A690 /* Model.xcdatamodel */ = {isa = PBXFileReference; lastKnownFileType = wrapper.xcdatamodel; path = Model.xcdatamodel; sourceTree = "<group>"; };
		AEB2DA8C29DB049F00B5A690 /* MessageModel+CoreDataClass.swift */ = {isa = PBXFileReference; lastKnownFileType = sourcecode.swift; path = "MessageModel+CoreDataClass.swift"; sourceTree = "<group>"; };
		AEB2DA8D29DB049F00B5A690 /* MessageModel+CoreDataProperties.swift */ = {isa = PBXFileReference; lastKnownFileType = sourcecode.swift; path = "MessageModel+CoreDataProperties.swift"; sourceTree = "<group>"; };
		AEB2DA9729DD7BD900B5A690 /* ChatListViewController.swift */ = {isa = PBXFileReference; lastKnownFileType = sourcecode.swift; path = ChatListViewController.swift; sourceTree = "<group>"; };
		AEB2DA9829DD7BD900B5A690 /* ChatListViewController.xib */ = {isa = PBXFileReference; lastKnownFileType = file.xib; path = ChatListViewController.xib; sourceTree = "<group>"; };
		AEB2DA9B29DD7BF700B5A690 /* ChatListTableViewCell.swift */ = {isa = PBXFileReference; lastKnownFileType = sourcecode.swift; path = ChatListTableViewCell.swift; sourceTree = "<group>"; };
		AEB2DA9C29DD7BF700B5A690 /* ChatListTableViewCell.xib */ = {isa = PBXFileReference; lastKnownFileType = file.xib; path = ChatListTableViewCell.xib; sourceTree = "<group>"; };
		AECC8B2829CD5E21006C58BB /* String+nib.swift */ = {isa = PBXFileReference; fileEncoding = 4; lastKnownFileType = sourcecode.swift; path = "String+nib.swift"; sourceTree = "<group>"; };
		AED9096529D6A68700C2BE35 /* MainViewController.xib */ = {isa = PBXFileReference; fileEncoding = 4; lastKnownFileType = file.xib; path = MainViewController.xib; sourceTree = "<group>"; };
		AED9096829D6B05000C2BE35 /* MessageViewModel.swift */ = {isa = PBXFileReference; lastKnownFileType = sourcecode.swift; path = MessageViewModel.swift; sourceTree = "<group>"; };
		AED9096B29D6B55D00C2BE35 /* View+identifier.swift */ = {isa = PBXFileReference; lastKnownFileType = sourcecode.swift; path = "View+identifier.swift"; sourceTree = "<group>"; };
		AED9096F29D6B99A00C2BE35 /* Date+string.swift */ = {isa = PBXFileReference; lastKnownFileType = sourcecode.swift; path = "Date+string.swift"; sourceTree = "<group>"; };
		AED9097129D6BC7100C2BE35 /* IdolChatCollectionViewCell.swift */ = {isa = PBXFileReference; lastKnownFileType = sourcecode.swift; path = IdolChatCollectionViewCell.swift; sourceTree = "<group>"; };
		AED9097229D6BC7100C2BE35 /* IdolChatCollectionViewCell.xib */ = {isa = PBXFileReference; lastKnownFileType = file.xib; path = IdolChatCollectionViewCell.xib; sourceTree = "<group>"; };
		AEE9495D29D6C9B000DC37D8 /* DateView.swift */ = {isa = PBXFileReference; lastKnownFileType = sourcecode.swift; path = DateView.swift; sourceTree = "<group>"; };
		AEE9495F29D6C9CF00DC37D8 /* DateView.xib */ = {isa = PBXFileReference; lastKnownFileType = file.xib; path = DateView.xib; sourceTree = "<group>"; };
		AEF367E329BEF56000045339 /* String+date.swift */ = {isa = PBXFileReference; lastKnownFileType = sourcecode.swift; path = "String+date.swift"; sourceTree = "<group>"; };
		AEF367EF29BF68A500045339 /* ChatViewController.swift */ = {isa = PBXFileReference; fileEncoding = 4; lastKnownFileType = sourcecode.swift; path = ChatViewController.swift; sourceTree = "<group>"; };
		AEF367F029BF68A500045339 /* MeChatCollectionViewCell.xib */ = {isa = PBXFileReference; fileEncoding = 4; lastKnownFileType = file.xib; path = MeChatCollectionViewCell.xib; sourceTree = "<group>"; };
		AEF367F129BF68A500045339 /* ChatViewController.xib */ = {isa = PBXFileReference; fileEncoding = 4; lastKnownFileType = file.xib; path = ChatViewController.xib; sourceTree = "<group>"; };
		AEF367F229BF68A500045339 /* MeChatCollectionViewCell.swift */ = {isa = PBXFileReference; fileEncoding = 4; lastKnownFileType = sourcecode.swift; path = MeChatCollectionViewCell.swift; sourceTree = "<group>"; };
/* End PBXFileReference section */

/* Begin PBXFrameworksBuildPhase section */
		AE7DA29529B185E400EA137A /* Frameworks */ = {
			isa = PBXFrameworksBuildPhase;
			buildActionMask = 2147483647;
			files = (
			);
			runOnlyForDeploymentPostprocessing = 0;
		};
/* End PBXFrameworksBuildPhase section */

/* Begin PBXGroup section */
		AE091B5D29BEDBCC006E15BD /* Base */ = {
			isa = PBXGroup;
			children = (
				AE091B5F29BEDBFD006E15BD /* BaseView.swift */,
				AE091B6129BEDC23006E15BD /* BaseTableViewCell.swift */,
				AE091B6329BEDC41006E15BD /* BaseCollectionViewCell.swift */,
				AE091B6529BEDC65006E15BD /* BaseViewController.swift */,
			);
			path = Base;
			sourceTree = "<group>";
		};
		AE091B5E29BEDBD0006E15BD /* Supporting Files */ = {
			isa = PBXGroup;
			children = (
				AE7DA29B29B185E400EA137A /* AppDelegate.swift */,
				AE7DA29D29B185E400EA137A /* SceneDelegate.swift */,
				AE7DA2A429B185E500EA137A /* Assets.xcassets */,
				AE091B6B29BEE232006E15BD /* Info.plist */,
			);
			path = "Supporting Files";
			sourceTree = "<group>";
		};
		AE6159AD29BEEF12002F15B7 /* Model */ = {
			isa = PBXGroup;
			children = (
				AE6159AE29BEEF24002F15B7 /* Message.swift */,
				AEB2DA8929DB046B00B5A690 /* Model.xcdatamodeld */,
				AE6A072C2A0E698D00B74552 /* IdolModel+CoreDataClass.swift */,
				AE6A072E2A0E69A200B74552 /* IdolModel+CoreDataProperties.swift */,
				AE6A07302A0E7DC700B74552 /* DailyMessageModel+CoreDataClass.swift */,
				AE6A07322A0E7DEA00B74552 /* DailyMessageModel+CoreDataProperties.swift */,
				AEB2DA8C29DB049F00B5A690 /* MessageModel+CoreDataClass.swift */,
				AEB2DA8D29DB049F00B5A690 /* MessageModel+CoreDataProperties.swift */,
			);
			path = Model;
			sourceTree = "<group>";
		};
		AE7DA28F29B185E400EA137A = {
			isa = PBXGroup;
			children = (
				AE7DA29A29B185E400EA137A /* Viewer */,
				AE7DA29929B185E400EA137A /* Products */,
			);
			sourceTree = "<group>";
		};
		AE7DA29929B185E400EA137A /* Products */ = {
			isa = PBXGroup;
			children = (
				AE7DA29829B185E400EA137A /* Viewer.app */,
			);
			name = Products;
			sourceTree = "<group>";
		};
		AE7DA29A29B185E400EA137A /* Viewer */ = {
			isa = PBXGroup;
			children = (
				AEF367E229BEF55500045339 /* Utils */,
				AE091B5D29BEDBCC006E15BD /* Base */,
				AE6159AD29BEEF12002F15B7 /* Model */,
				AED9096A29D6B05400C2BE35 /* ViewModel */,
				AEE5737729D6998E001DD84F /* View */,
				AE091B5E29BEDBD0006E15BD /* Supporting Files */,
				AE7DA2A629B185E500EA137A /* LaunchScreen.storyboard */,
			);
			path = Viewer;
			sourceTree = "<group>";
		};
		AEB2DA9629DD7BBC00B5A690 /* ChatList */ = {
			isa = PBXGroup;
			children = (
				AEB2DA9729DD7BD900B5A690 /* ChatListViewController.swift */,
				AEB2DA9829DD7BD900B5A690 /* ChatListViewController.xib */,
				AEB2DA9B29DD7BF700B5A690 /* ChatListTableViewCell.swift */,
				AEB2DA9C29DD7BF700B5A690 /* ChatListTableViewCell.xib */,
			);
			path = ChatList;
			sourceTree = "<group>";
		};
		AED9096729D6A68900C2BE35 /* Chat */ = {
			isa = PBXGroup;
			children = (
				AEF367F129BF68A500045339 /* ChatViewController.xib */,
				AEF367EF29BF68A500045339 /* ChatViewController.swift */,
				AEF367F029BF68A500045339 /* MeChatCollectionViewCell.xib */,
				AEF367F229BF68A500045339 /* MeChatCollectionViewCell.swift */,
				AED9097229D6BC7100C2BE35 /* IdolChatCollectionViewCell.xib */,
				AED9097129D6BC7100C2BE35 /* IdolChatCollectionViewCell.swift */,
				AEE9495F29D6C9CF00DC37D8 /* DateView.xib */,
				AEE9495D29D6C9B000DC37D8 /* DateView.swift */,
			);
			path = Chat;
			sourceTree = "<group>";
		};
		AED9096A29D6B05400C2BE35 /* ViewModel */ = {
			isa = PBXGroup;
			children = (
				AED9096829D6B05000C2BE35 /* MessageViewModel.swift */,
			);
			path = ViewModel;
			sourceTree = "<group>";
		};
		AEE5737729D6998E001DD84F /* View */ = {
			isa = PBXGroup;
			children = (
				AEE5737829D6999C001DD84F /* FileUpload */,
				AEB2DA9629DD7BBC00B5A690 /* ChatList */,
				AED9096729D6A68900C2BE35 /* Chat */,
			);
			path = View;
			sourceTree = "<group>";
		};
		AEE5737829D6999C001DD84F /* FileUpload */ = {
			isa = PBXGroup;
			children = (
				AED9096529D6A68700C2BE35 /* MainViewController.xib */,
				AE091B5929BEDB9A006E15BD /* MainViewController.swift */,
			);
			path = FileUpload;
			sourceTree = "<group>";
		};
		AEF367E229BEF55500045339 /* Utils */ = {
			isa = PBXGroup;
			children = (
				AECC8B2829CD5E21006C58BB /* String+nib.swift */,
				AEF367E329BEF56000045339 /* String+date.swift */,
				AE01FCEB29D13830004C563F /* String+estimatedFrame.swift */,
				AED9096B29D6B55D00C2BE35 /* View+identifier.swift */,
				AED9096F29D6B99A00C2BE35 /* Date+string.swift */,
			);
			path = Utils;
			sourceTree = "<group>";
		};
/* End PBXGroup section */

/* Begin PBXNativeTarget section */
		AE7DA29729B185E400EA137A /* Viewer */ = {
			isa = PBXNativeTarget;
			buildConfigurationList = AE7DA2AC29B185E500EA137A /* Build configuration list for PBXNativeTarget "Viewer" */;
			buildPhases = (
				AE7DA29429B185E400EA137A /* Sources */,
				AE7DA29529B185E400EA137A /* Frameworks */,
				AE7DA29629B185E400EA137A /* Resources */,
			);
			buildRules = (
			);
			dependencies = (
			);
			name = Viewer;
			productName = Viewer;
			productReference = AE7DA29829B185E400EA137A /* Viewer.app */;
			productType = "com.apple.product-type.application";
		};
/* End PBXNativeTarget section */

/* Begin PBXProject section */
		AE7DA29029B185E400EA137A /* Project object */ = {
			isa = PBXProject;
			attributes = {
				BuildIndependentTargetsInParallel = 1;
				LastSwiftUpdateCheck = 1420;
				LastUpgradeCheck = 1420;
				TargetAttributes = {
					AE7DA29729B185E400EA137A = {
						CreatedOnToolsVersion = 14.2;
					};
				};
			};
			buildConfigurationList = AE7DA29329B185E400EA137A /* Build configuration list for PBXProject "Viewer" */;
			compatibilityVersion = "Xcode 14.0";
			developmentRegion = en;
			hasScannedForEncodings = 0;
			knownRegions = (
				en,
				Base,
			);
			mainGroup = AE7DA28F29B185E400EA137A;
			productRefGroup = AE7DA29929B185E400EA137A /* Products */;
			projectDirPath = "";
			projectRoot = "";
			targets = (
				AE7DA29729B185E400EA137A /* Viewer */,
			);
		};
/* End PBXProject section */

/* Begin PBXResourcesBuildPhase section */
		AE7DA29629B185E400EA137A /* Resources */ = {
			isa = PBXResourcesBuildPhase;
			buildActionMask = 2147483647;
			files = (
				AEE9496029D6C9CF00DC37D8 /* DateView.xib in Resources */,
				AE7DA2A829B185E500EA137A /* LaunchScreen.storyboard in Resources */,
				AEF367F429BF68A500045339 /* MeChatCollectionViewCell.xib in Resources */,
				AED9097429D6BC7100C2BE35 /* IdolChatCollectionViewCell.xib in Resources */,
				AED9096629D6A68700C2BE35 /* MainViewController.xib in Resources */,
				AEB2DA9E29DD7BF700B5A690 /* ChatListTableViewCell.xib in Resources */,
				AEF367F529BF68A500045339 /* ChatViewController.xib in Resources */,
				AEB2DA9A29DD7BD900B5A690 /* ChatListViewController.xib in Resources */,
				AE7DA2A529B185E500EA137A /* Assets.xcassets in Resources */,
			);
			runOnlyForDeploymentPostprocessing = 0;
		};
/* End PBXResourcesBuildPhase section */

/* Begin PBXSourcesBuildPhase section */
		AE7DA29429B185E400EA137A /* Sources */ = {
			isa = PBXSourcesBuildPhase;
			buildActionMask = 2147483647;
			files = (
				AEB2DA8F29DB049F00B5A690 /* MessageModel+CoreDataProperties.swift in Sources */,
				AE091B5B29BEDB9A006E15BD /* MainViewController.swift in Sources */,
				AE6A072F2A0E69A200B74552 /* IdolModel+CoreDataProperties.swift in Sources */,
				AEB2DA9D29DD7BF700B5A690 /* ChatListTableViewCell.swift in Sources */,
				AE7DA29C29B185E400EA137A /* AppDelegate.swift in Sources */,
				AEB2DA9929DD7BD900B5A690 /* ChatListViewController.swift in Sources */,
				AE7DA29E29B185E400EA137A /* SceneDelegate.swift in Sources */,
				AEF367E429BEF56000045339 /* String+date.swift in Sources */,
				AED9097329D6BC7100C2BE35 /* IdolChatCollectionViewCell.swift in Sources */,
				AED9096929D6B05000C2BE35 /* MessageViewModel.swift in Sources */,
				AEB2DA8E29DB049F00B5A690 /* MessageModel+CoreDataClass.swift in Sources */,
				AEE9495E29D6C9B000DC37D8 /* DateView.swift in Sources */,
				AE6A07332A0E7DEA00B74552 /* DailyMessageModel+CoreDataProperties.swift in Sources */,
				AE091B6229BEDC23006E15BD /* BaseTableViewCell.swift in Sources */,
				AE6A07312A0E7DC700B74552 /* DailyMessageModel+CoreDataClass.swift in Sources */,
				AE091B6029BEDBFD006E15BD /* BaseView.swift in Sources */,
				AE6A072D2A0E698D00B74552 /* IdolModel+CoreDataClass.swift in Sources */,
				AE6159AF29BEEF24002F15B7 /* Message.swift in Sources */,
				AE091B6629BEDC65006E15BD /* BaseViewController.swift in Sources */,
				AEF367F329BF68A500045339 /* ChatViewController.swift in Sources */,
				AEF367F629BF68A500045339 /* MeChatCollectionViewCell.swift in Sources */,
				AED9096C29D6B55D00C2BE35 /* View+identifier.swift in Sources */,
				AED9097029D6B99A00C2BE35 /* Date+string.swift in Sources */,
				AE01FCEC29D13830004C563F /* String+estimatedFrame.swift in Sources */,
				AECC8B2929CD5E21006C58BB /* String+nib.swift in Sources */,
				AEB2DA8B29DB046B00B5A690 /* Model.xcdatamodeld in Sources */,
				AE091B6429BEDC41006E15BD /* BaseCollectionViewCell.swift in Sources */,
			);
			runOnlyForDeploymentPostprocessing = 0;
		};
/* End PBXSourcesBuildPhase section */

/* Begin PBXVariantGroup section */
		AE7DA2A629B185E500EA137A /* LaunchScreen.storyboard */ = {
			isa = PBXVariantGroup;
			children = (
				AE7DA2A729B185E500EA137A /* Base */,
			);
			name = LaunchScreen.storyboard;
			sourceTree = "<group>";
		};
/* End PBXVariantGroup section */

/* Begin XCBuildConfiguration section */
		AE7DA2AA29B185E500EA137A /* Debug */ = {
			isa = XCBuildConfiguration;
			buildSettings = {
				ALWAYS_SEARCH_USER_PATHS = NO;
				CLANG_ANALYZER_NONNULL = YES;
				CLANG_ANALYZER_NUMBER_OBJECT_CONVERSION = YES_AGGRESSIVE;
				CLANG_CXX_LANGUAGE_STANDARD = "gnu++20";
				CLANG_ENABLE_MODULES = YES;
				CLANG_ENABLE_OBJC_ARC = YES;
				CLANG_ENABLE_OBJC_WEAK = YES;
				CLANG_WARN_BLOCK_CAPTURE_AUTORELEASING = YES;
				CLANG_WARN_BOOL_CONVERSION = YES;
				CLANG_WARN_COMMA = YES;
				CLANG_WARN_CONSTANT_CONVERSION = YES;
				CLANG_WARN_DEPRECATED_OBJC_IMPLEMENTATIONS = YES;
				CLANG_WARN_DIRECT_OBJC_ISA_USAGE = YES_ERROR;
				CLANG_WARN_DOCUMENTATION_COMMENTS = YES;
				CLANG_WARN_EMPTY_BODY = YES;
				CLANG_WARN_ENUM_CONVERSION = YES;
				CLANG_WARN_INFINITE_RECURSION = YES;
				CLANG_WARN_INT_CONVERSION = YES;
				CLANG_WARN_NON_LITERAL_NULL_CONVERSION = YES;
				CLANG_WARN_OBJC_IMPLICIT_RETAIN_SELF = YES;
				CLANG_WARN_OBJC_LITERAL_CONVERSION = YES;
				CLANG_WARN_OBJC_ROOT_CLASS = YES_ERROR;
				CLANG_WARN_QUOTED_INCLUDE_IN_FRAMEWORK_HEADER = YES;
				CLANG_WARN_RANGE_LOOP_ANALYSIS = YES;
				CLANG_WARN_STRICT_PROTOTYPES = YES;
				CLANG_WARN_SUSPICIOUS_MOVE = YES;
				CLANG_WARN_UNGUARDED_AVAILABILITY = YES_AGGRESSIVE;
				CLANG_WARN_UNREACHABLE_CODE = YES;
				CLANG_WARN__DUPLICATE_METHOD_MATCH = YES;
				COPY_PHASE_STRIP = NO;
				DEBUG_INFORMATION_FORMAT = dwarf;
				ENABLE_STRICT_OBJC_MSGSEND = YES;
				ENABLE_TESTABILITY = YES;
				GCC_C_LANGUAGE_STANDARD = gnu11;
				GCC_DYNAMIC_NO_PIC = NO;
				GCC_NO_COMMON_BLOCKS = YES;
				GCC_OPTIMIZATION_LEVEL = 0;
				GCC_PREPROCESSOR_DEFINITIONS = (
					"DEBUG=1",
					"$(inherited)",
				);
				GCC_WARN_64_TO_32_BIT_CONVERSION = YES;
				GCC_WARN_ABOUT_RETURN_TYPE = YES_ERROR;
				GCC_WARN_UNDECLARED_SELECTOR = YES;
				GCC_WARN_UNINITIALIZED_AUTOS = YES_AGGRESSIVE;
				GCC_WARN_UNUSED_FUNCTION = YES;
				GCC_WARN_UNUSED_VARIABLE = YES;
				IPHONEOS_DEPLOYMENT_TARGET = 14.0;
				MTL_ENABLE_DEBUG_INFO = INCLUDE_SOURCE;
				MTL_FAST_MATH = YES;
				ONLY_ACTIVE_ARCH = YES;
				SDKROOT = iphoneos;
				SWIFT_ACTIVE_COMPILATION_CONDITIONS = DEBUG;
				SWIFT_OPTIMIZATION_LEVEL = "-Onone";
			};
			name = Debug;
		};
		AE7DA2AB29B185E500EA137A /* Release */ = {
			isa = XCBuildConfiguration;
			buildSettings = {
				ALWAYS_SEARCH_USER_PATHS = NO;
				CLANG_ANALYZER_NONNULL = YES;
				CLANG_ANALYZER_NUMBER_OBJECT_CONVERSION = YES_AGGRESSIVE;
				CLANG_CXX_LANGUAGE_STANDARD = "gnu++20";
				CLANG_ENABLE_MODULES = YES;
				CLANG_ENABLE_OBJC_ARC = YES;
				CLANG_ENABLE_OBJC_WEAK = YES;
				CLANG_WARN_BLOCK_CAPTURE_AUTORELEASING = YES;
				CLANG_WARN_BOOL_CONVERSION = YES;
				CLANG_WARN_COMMA = YES;
				CLANG_WARN_CONSTANT_CONVERSION = YES;
				CLANG_WARN_DEPRECATED_OBJC_IMPLEMENTATIONS = YES;
				CLANG_WARN_DIRECT_OBJC_ISA_USAGE = YES_ERROR;
				CLANG_WARN_DOCUMENTATION_COMMENTS = YES;
				CLANG_WARN_EMPTY_BODY = YES;
				CLANG_WARN_ENUM_CONVERSION = YES;
				CLANG_WARN_INFINITE_RECURSION = YES;
				CLANG_WARN_INT_CONVERSION = YES;
				CLANG_WARN_NON_LITERAL_NULL_CONVERSION = YES;
				CLANG_WARN_OBJC_IMPLICIT_RETAIN_SELF = YES;
				CLANG_WARN_OBJC_LITERAL_CONVERSION = YES;
				CLANG_WARN_OBJC_ROOT_CLASS = YES_ERROR;
				CLANG_WARN_QUOTED_INCLUDE_IN_FRAMEWORK_HEADER = YES;
				CLANG_WARN_RANGE_LOOP_ANALYSIS = YES;
				CLANG_WARN_STRICT_PROTOTYPES = YES;
				CLANG_WARN_SUSPICIOUS_MOVE = YES;
				CLANG_WARN_UNGUARDED_AVAILABILITY = YES_AGGRESSIVE;
				CLANG_WARN_UNREACHABLE_CODE = YES;
				CLANG_WARN__DUPLICATE_METHOD_MATCH = YES;
				COPY_PHASE_STRIP = NO;
				DEBUG_INFORMATION_FORMAT = "dwarf-with-dsym";
				ENABLE_NS_ASSERTIONS = NO;
				ENABLE_STRICT_OBJC_MSGSEND = YES;
				GCC_C_LANGUAGE_STANDARD = gnu11;
				GCC_NO_COMMON_BLOCKS = YES;
				GCC_WARN_64_TO_32_BIT_CONVERSION = YES;
				GCC_WARN_ABOUT_RETURN_TYPE = YES_ERROR;
				GCC_WARN_UNDECLARED_SELECTOR = YES;
				GCC_WARN_UNINITIALIZED_AUTOS = YES_AGGRESSIVE;
				GCC_WARN_UNUSED_FUNCTION = YES;
				GCC_WARN_UNUSED_VARIABLE = YES;
				IPHONEOS_DEPLOYMENT_TARGET = 14.0;
				MTL_ENABLE_DEBUG_INFO = NO;
				MTL_FAST_MATH = YES;
				SDKROOT = iphoneos;
				SWIFT_COMPILATION_MODE = wholemodule;
				SWIFT_OPTIMIZATION_LEVEL = "-O";
				VALIDATE_PRODUCT = YES;
			};
			name = Release;
		};
		AE7DA2AD29B185E500EA137A /* Debug */ = {
			isa = XCBuildConfiguration;
			buildSettings = {
				ASSETCATALOG_COMPILER_APPICON_NAME = AppIcon;
				ASSETCATALOG_COMPILER_GLOBAL_ACCENT_COLOR_NAME = AccentColor;
				CODE_SIGN_STYLE = Automatic;
				CURRENT_PROJECT_VERSION = 1;
				DEVELOPMENT_TEAM = 7UU57B563T;
				GENERATE_INFOPLIST_FILE = YES;
				INFOPLIST_FILE = "Viewer/Supporting Files/Info.plist";
				INFOPLIST_KEY_NSFileProviderDomainUsageDescription = "파일 업로드를 위하여 권한이 필요합니다. 동의하시겠습니까?";
				INFOPLIST_KEY_UIApplicationSupportsIndirectInputEvents = YES;
				INFOPLIST_KEY_UILaunchStoryboardName = LaunchScreen;
				INFOPLIST_KEY_UISupportedInterfaceOrientations_iPad = "UIInterfaceOrientationPortrait UIInterfaceOrientationPortraitUpsideDown UIInterfaceOrientationLandscapeLeft UIInterfaceOrientationLandscapeRight";
				INFOPLIST_KEY_UISupportedInterfaceOrientations_iPhone = "UIInterfaceOrientationPortrait UIInterfaceOrientationLandscapeLeft UIInterfaceOrientationLandscapeRight";
				IPHONEOS_DEPLOYMENT_TARGET = 16.0;
				LD_RUNPATH_SEARCH_PATHS = (
					"$(inherited)",
					"@executable_path/Frameworks",
				);
				MARKETING_VERSION = 1.0;
				PRODUCT_BUNDLE_IDENTIFIER = ddosang.Viewer;
				PRODUCT_NAME = "$(TARGET_NAME)";
				SWIFT_EMIT_LOC_STRINGS = YES;
				SWIFT_VERSION = 5.0;
				TARGETED_DEVICE_FAMILY = "1,2";
			};
			name = Debug;
		};
		AE7DA2AE29B185E500EA137A /* Release */ = {
			isa = XCBuildConfiguration;
			buildSettings = {
				ASSETCATALOG_COMPILER_APPICON_NAME = AppIcon;
				ASSETCATALOG_COMPILER_GLOBAL_ACCENT_COLOR_NAME = AccentColor;
				CODE_SIGN_STYLE = Automatic;
				CURRENT_PROJECT_VERSION = 1;
				DEVELOPMENT_TEAM = 7UU57B563T;
				GENERATE_INFOPLIST_FILE = YES;
				INFOPLIST_FILE = "Viewer/Supporting Files/Info.plist";
				INFOPLIST_KEY_NSFileProviderDomainUsageDescription = "파일 업로드를 위하여 권한이 필요합니다. 동의하시겠습니까?";
				INFOPLIST_KEY_UIApplicationSupportsIndirectInputEvents = YES;
				INFOPLIST_KEY_UILaunchStoryboardName = LaunchScreen;
				INFOPLIST_KEY_UISupportedInterfaceOrientations_iPad = "UIInterfaceOrientationPortrait UIInterfaceOrientationPortraitUpsideDown UIInterfaceOrientationLandscapeLeft UIInterfaceOrientationLandscapeRight";
				INFOPLIST_KEY_UISupportedInterfaceOrientations_iPhone = "UIInterfaceOrientationPortrait UIInterfaceOrientationLandscapeLeft UIInterfaceOrientationLandscapeRight";
				IPHONEOS_DEPLOYMENT_TARGET = 16.0;
				LD_RUNPATH_SEARCH_PATHS = (
					"$(inherited)",
					"@executable_path/Frameworks",
				);
				MARKETING_VERSION = 1.0;
				PRODUCT_BUNDLE_IDENTIFIER = ddosang.Viewer;
				PRODUCT_NAME = "$(TARGET_NAME)";
				SWIFT_EMIT_LOC_STRINGS = YES;
				SWIFT_VERSION = 5.0;
				TARGETED_DEVICE_FAMILY = "1,2";
			};
			name = Release;
		};
/* End XCBuildConfiguration section */

/* Begin XCConfigurationList section */
		AE7DA29329B185E400EA137A /* Build configuration list for PBXProject "Viewer" */ = {
			isa = XCConfigurationList;
			buildConfigurations = (
				AE7DA2AA29B185E500EA137A /* Debug */,
				AE7DA2AB29B185E500EA137A /* Release */,
			);
			defaultConfigurationIsVisible = 0;
			defaultConfigurationName = Release;
		};
		AE7DA2AC29B185E500EA137A /* Build configuration list for PBXNativeTarget "Viewer" */ = {
			isa = XCConfigurationList;
			buildConfigurations = (
				AE7DA2AD29B185E500EA137A /* Debug */,
				AE7DA2AE29B185E500EA137A /* Release */,
			);
			defaultConfigurationIsVisible = 0;
			defaultConfigurationName = Release;
		};
/* End XCConfigurationList section */

/* Begin XCVersionGroup section */
		AEB2DA8929DB046B00B5A690 /* Model.xcdatamodeld */ = {
			isa = XCVersionGroup;
			children = (
				AEB2DA8A29DB046B00B5A690 /* Model.xcdatamodel */,
			);
			currentVersion = AEB2DA8A29DB046B00B5A690 /* Model.xcdatamodel */;
			path = Model.xcdatamodeld;
			sourceTree = "<group>";
			versionGroupType = wrapper.xcdatamodel;
		};
/* End XCVersionGroup section */
	};
	rootObject = AE7DA29029B185E400EA137A /* Project object */;
}
